
Microsoft Visual Studio Solution File, Format Version 12.00
# Visual Studio Version 16
VisualStudioVersion = 16.0.31205.134
MinimumVisualStudioVersion = 10.0.40219.1
Project("{FAE04EC0-301F-11D3-BF4B-00C04F79EFBC}") = "RmindApp", "RmindApp\RmindApp.csproj", "{064CAB88-529E-4B12-A8F9-1AD9F46EAF9C}"
EndProject
Global
	GlobalSection(SolutionConfigurationPlatforms) = preSolution
		Debug|Any CPU = Debug|Any CPU
		Release|Any CPU = Release|Any CPU
	EndGlobalSection
	GlobalSection(ProjectConfigurationPlatforms) = postSolution
		{064CAB88-529E-4B12-A8F9-1AD9F46EAF9C}.Debug|Any CPU.ActiveCfg = Debug|Any CPU
		{064CAB88-529E-4B12-A8F9-1AD9F46EAF9C}.Debug|Any CPU.Build.0 = Debug|Any CPU
		{064CAB88-529E-4B12-A8F9-1AD9F46EAF9C}.Release|Any CPU.ActiveCfg = Release|Any CPU
		{064CAB88-529E-4B12-A8F9-1AD9F46EAF9C}.Release|Any CPU.Build.0 = Release|Any CPU
	EndGlobalSection
	GlobalSection(SolutionProperties) = preSolution
		HideSolutionNode = FALSE
	EndGlobalSection
	GlobalSection(ExtensibilityGlobals) = postSolution
		SolutionGuid = {F174C1C4-708F-4DC9-82F3-A25EDA026CA4}
	EndGlobalSection
EndGlobal
